
Microsoft Visual Studio Solution File, Format Version 12.00
# Visual Studio Version 17
VisualStudioVersion = 17.2.32526.322
MinimumVisualStudioVersion = 10.0.40219.1
Project("{FAE04EC0-301F-11D3-BF4B-00C04F79EFBC}") = "TesteDTIFellipe", "TesteDTIFellipe.csproj", "{66751DE9-ECF4-46EE-9C3E-82C11AC0AFF4}"
EndProject
Global
	GlobalSection(SolutionConfigurationPlatforms) = preSolution
		Debug|Any CPU = Debug|Any CPU
		Release|Any CPU = Release|Any CPU
	EndGlobalSection
	GlobalSection(ProjectConfigurationPlatforms) = postSolution
		{66751DE9-ECF4-46EE-9C3E-82C11AC0AFF4}.Debug|Any CPU.ActiveCfg = Debug|Any CPU
		{66751DE9-ECF4-46EE-9C3E-82C11AC0AFF4}.Debug|Any CPU.Build.0 = Debug|Any CPU
		{66751DE9-ECF4-46EE-9C3E-82C11AC0AFF4}.Release|Any CPU.ActiveCfg = Release|Any CPU
		{66751DE9-ECF4-46EE-9C3E-82C11AC0AFF4}.Release|Any CPU.Build.0 = Release|Any CPU
	EndGlobalSection
	GlobalSection(SolutionProperties) = preSolution
		HideSolutionNode = FALSE
	EndGlobalSection
	GlobalSection(ExtensibilityGlobals) = postSolution
		SolutionGuid = {5582353A-EA91-44F3-AF35-73B4B14F9A1D}
	EndGlobalSection
EndGlobal
